
Microsoft Visual Studio Solution File, Format Version 12.00
# Visual Studio Version 16
VisualStudioVersion = 16.0.29409.12
MinimumVisualStudioVersion = 10.0.40219.1
Project("{9A19103F-16F7-4668-BE54-9A1E7A4F7556}") = "OrderCookDeliver", "OrderCookDeliver.csproj", "{A558FC95-54F7-49F3-8A82-6D157366AD23}"
EndProject
Global
	GlobalSection(SolutionConfigurationPlatforms) = preSolution
		Debug|Any CPU = Debug|Any CPU
		Release|Any CPU = Release|Any CPU
	EndGlobalSection
	GlobalSection(ProjectConfigurationPlatforms) = postSolution
		{A558FC95-54F7-49F3-8A82-6D157366AD23}.Debug|Any CPU.ActiveCfg = Debug|Any CPU
		{A558FC95-54F7-49F3-8A82-6D157366AD23}.Debug|Any CPU.Build.0 = Debug|Any CPU
		{A558FC95-54F7-49F3-8A82-6D157366AD23}.Release|Any CPU.ActiveCfg = Release|Any CPU
		{A558FC95-54F7-49F3-8A82-6D157366AD23}.Release|Any CPU.Build.0 = Release|Any CPU
	EndGlobalSection
	GlobalSection(SolutionProperties) = preSolution
		HideSolutionNode = FALSE
	EndGlobalSection
	GlobalSection(ExtensibilityGlobals) = postSolution
		SolutionGuid = {ED8F5B62-1DE5-4353-B644-FC3DFC607B64}
	EndGlobalSection
EndGlobal
